
Microsoft Visual Studio Solution File, Format Version 12.00
# Visual Studio Version 17
VisualStudioVersion = 17.14.36705.20
MinimumVisualStudioVersion = 10.0.40219.1
Project("{2150E333-8FDC-42A3-9474-1A3956D46DE8}") = "llm", "llm", "{02EA681E-C7D8-13C7-8484-4AC65E1B71E8}"
EndProject
Project("{FAE04EC0-301F-11D3-BF4B-00C04F79EFBC}") = "TextCompletion", "TextCompletion\TextCompletion.csproj", "{0CF6353D-4B13-E0F1-D048-5E525ECDED32}"
EndProject
Project("{FAE04EC0-301F-11D3-BF4B-00C04F79EFBC}") = "FunctionCall", "FunctionCall\FunctionCall.csproj", "{6B82A57F-BB82-40FA-97D4-FA6F17E5B78C}"
EndProject
Project("{2150E333-8FDC-42A3-9474-1A3956D46DE8}") = "vectors", "vectors", "{FAC1F5CD-20EC-41DD-A4D4-1802737E57FD}"
EndProject
Project("{FAE04EC0-301F-11D3-BF4B-00C04F79EFBC}") = "Embeddings", "Embeddings\Embeddings.csproj", "{C6D66604-31EC-4D03-9461-5A0BFAE9BCCB}"
EndProject
Project("{FAE04EC0-301F-11D3-BF4B-00C04F79EFBC}") = "VectorSearch", "VectorSearch\VectorSearch.csproj", "{B40169C1-8177-49BC-BA6B-9AAF754A9799}"
EndProject
Project("{2150E333-8FDC-42A3-9474-1A3956D46DE8}") = "rag", "rag", "{490DC573-9FCA-4195-BB40-9A14DB1D172A}"
EndProject
Project("{FAE04EC0-301F-11D3-BF4B-00C04F79EFBC}") = "ChatApp_RAG", "ChatApp_RAG\ChatApp_RAG.csproj", "{9E5321F7-B84F-D51F-273D-2D47A58E1332}"
EndProject
Project("{2150E333-8FDC-42A3-9474-1A3956D46DE8}") = "vision", "vision", "{171EDB6B-1D1D-4B4D-91F7-1A0BD63E14DA}"
EndProject
Project("{FAE04EC0-301F-11D3-BF4B-00C04F79EFBC}") = "ImageAnalysis", "ImageAnalysis\ImageAnalysis.csproj", "{D882315B-AA86-4B5E-90D2-C01B519E8537}"
EndProject
Global
	GlobalSection(SolutionConfigurationPlatforms) = preSolution
		Debug|Any CPU = Debug|Any CPU
		Release|Any CPU = Release|Any CPU
	EndGlobalSection
	GlobalSection(ProjectConfigurationPlatforms) = postSolution
		{0CF6353D-4B13-E0F1-D048-5E525ECDED32}.Debug|Any CPU.ActiveCfg = Debug|Any CPU
		{0CF6353D-4B13-E0F1-D048-5E525ECDED32}.Debug|Any CPU.Build.0 = Debug|Any CPU
		{0CF6353D-4B13-E0F1-D048-5E525ECDED32}.Release|Any CPU.ActiveCfg = Release|Any CPU
		{0CF6353D-4B13-E0F1-D048-5E525ECDED32}.Release|Any CPU.Build.0 = Release|Any CPU
		{6B82A57F-BB82-40FA-97D4-FA6F17E5B78C}.Debug|Any CPU.ActiveCfg = Debug|Any CPU
		{6B82A57F-BB82-40FA-97D4-FA6F17E5B78C}.Debug|Any CPU.Build.0 = Debug|Any CPU
		{6B82A57F-BB82-40FA-97D4-FA6F17E5B78C}.Release|Any CPU.ActiveCfg = Release|Any CPU
		{6B82A57F-BB82-40FA-97D4-FA6F17E5B78C}.Release|Any CPU.Build.0 = Release|Any CPU
		{C6D66604-31EC-4D03-9461-5A0BFAE9BCCB}.Debug|Any CPU.ActiveCfg = Debug|Any CPU
		{C6D66604-31EC-4D03-9461-5A0BFAE9BCCB}.Debug|Any CPU.Build.0 = Debug|Any CPU
		{C6D66604-31EC-4D03-9461-5A0BFAE9BCCB}.Release|Any CPU.ActiveCfg = Release|Any CPU
		{C6D66604-31EC-4D03-9461-5A0BFAE9BCCB}.Release|Any CPU.Build.0 = Release|Any CPU
		{B40169C1-8177-49BC-BA6B-9AAF754A9799}.Debug|Any CPU.ActiveCfg = Debug|Any CPU
		{B40169C1-8177-49BC-BA6B-9AAF754A9799}.Debug|Any CPU.Build.0 = Debug|Any CPU
		{B40169C1-8177-49BC-BA6B-9AAF754A9799}.Release|Any CPU.ActiveCfg = Release|Any CPU
		{B40169C1-8177-49BC-BA6B-9AAF754A9799}.Release|Any CPU.Build.0 = Release|Any CPU
		{9E5321F7-B84F-D51F-273D-2D47A58E1332}.Debug|Any CPU.ActiveCfg = Debug|Any CPU
		{9E5321F7-B84F-D51F-273D-2D47A58E1332}.Debug|Any CPU.Build.0 = Debug|Any CPU
		{9E5321F7-B84F-D51F-273D-2D47A58E1332}.Release|Any CPU.ActiveCfg = Release|Any CPU
		{9E5321F7-B84F-D51F-273D-2D47A58E1332}.Release|Any CPU.Build.0 = Release|Any CPU
		{D882315B-AA86-4B5E-90D2-C01B519E8537}.Debug|Any CPU.ActiveCfg = Debug|Any CPU
		{D882315B-AA86-4B5E-90D2-C01B519E8537}.Debug|Any CPU.Build.0 = Debug|Any CPU
		{D882315B-AA86-4B5E-90D2-C01B519E8537}.Release|Any CPU.ActiveCfg = Release|Any CPU
		{D882315B-AA86-4B5E-90D2-C01B519E8537}.Release|Any CPU.Build.0 = Release|Any CPU
	EndGlobalSection
	GlobalSection(SolutionProperties) = preSolution
		HideSolutionNode = FALSE
	EndGlobalSection
	GlobalSection(NestedProjects) = preSolution
		{0CF6353D-4B13-E0F1-D048-5E525ECDED32} = {02EA681E-C7D8-13C7-8484-4AC65E1B71E8}
		{6B82A57F-BB82-40FA-97D4-FA6F17E5B78C} = {02EA681E-C7D8-13C7-8484-4AC65E1B71E8}
		{C6D66604-31EC-4D03-9461-5A0BFAE9BCCB} = {FAC1F5CD-20EC-41DD-A4D4-1802737E57FD}
		{B40169C1-8177-49BC-BA6B-9AAF754A9799} = {FAC1F5CD-20EC-41DD-A4D4-1802737E57FD}
		{9E5321F7-B84F-D51F-273D-2D47A58E1332} = {490DC573-9FCA-4195-BB40-9A14DB1D172A}
		{D882315B-AA86-4B5E-90D2-C01B519E8537} = {171EDB6B-1D1D-4B4D-91F7-1A0BD63E14DA}
	EndGlobalSection
	GlobalSection(ExtensibilityGlobals) = postSolution
		SolutionGuid = {FA3AFDD0-3518-4E05-AAE8-6D20FA455184}
	EndGlobalSection
EndGlobal
